# This file is machine-generated by `gh actions-lock`.
# Do not edit by hand; run `gh actions-lock` to update.
# Docs: https://gh.io/actions-lockfile
version: 'v0.0.2'
workflows:
    '.github/workflows/codeql.yml':
        - 'actions/checkout@v6.0.2'
        - 'github/codeql-action@v4.34.0'
    '.github/workflows/dogfood-gate.yml':
        - 'actions/checkout@v4.3.1'
        - 'hyperpolymath/a2ml-ecosystem@main'
        - 'hyperpolymath/k9-ecosystem@main'
    '.github/workflows/governance.yml': []
    '.github/workflows/hypatia-scan.yml': []
    '.github/workflows/instant-sync.yml':
        - 'peter-evans/repository-dispatch@v4.0.1'
    '.github/workflows/label-triage.yml': []
    '.github/workflows/labels.yml': []
    '.github/workflows/mirror.yml': []
    '.github/workflows/push-email-notify.yml':
        - 'hyperpolymath/smtp-notify-action@v0.2.0'
    '.github/workflows/scorecard.yml': []
    '.github/workflows/secret-scanner.yml':
        - 'actions/checkout@v6.0.2'
        - 'gitleaks/gitleaks-action@v2.3.9'
        - 'trufflesecurity/trufflehog@v3.93.8'
dependencies:
    'actions/checkout@v4.3.1':
        ref: 'v4.3.1'
        commit: 'sha1-34e114876b0b11c390a56381ad16ebd13914f8d5'
        owner_id: 44036562
        repo_id: 197814629
    'actions/checkout@v6.0.2':
        ref: 'v6.0.2'
        commit: 'sha1-de0fac2e4500dabe0009e67214ff5f5447ce83dd'
        owner_id: 44036562
        repo_id: 197814629
    'github/codeql-action@v4.34.0':
        ref: 'v4.34.0'
        commit: 'sha1-c6f931105cb2c34c8f901cc885ba1e2e259cf745'
        owner_id: 9919
        repo_id: 259445878
    'gitleaks/gitleaks-action@v2.3.9':
        ref: 'v2.3.9'
        commit: 'sha1-ff98106e4c7b2bc287b24eaf42907196329070c7'
        owner_id: 90395851
        repo_id: 242854909
    'hyperpolymath/a2ml-ecosystem@main':
        ref: 'main'
        commit: 'sha1-aa4b836bd969df2bc58128cb8e3d20bbc88d5e79'
        owner_id: 6759885
        repo_id: 1275649586
    'hyperpolymath/k9-ecosystem@main':
        ref: 'main'
        commit: 'sha1-89f3c2702f4f650a92aa7411502f38da06abd562'
        owner_id: 6759885
        repo_id: 1275650185
    'hyperpolymath/smtp-notify-action@v0.2.0':
        ref: 'v0.2.0'
        commit: 'sha1-ede1191ef6ff3ac02c4f4d9efdf837ee517e11d7'
        owner_id: 6759885
        repo_id: 1352485172
    'peter-evans/repository-dispatch@v4.0.1':
        ref: 'v4.0.1'
        commit: 'sha1-28959ce8df70de7be546dd1250a005dd32156697'
        owner_id: 18365890
        repo_id: 220359305
    'trufflesecurity/trufflehog@v3.93.8':
        ref: 'v3.93.8'
        commit: 'sha1-6c05c4a00b91aa542267d8e32a8254774799d68d'
        owner_id: 79229934
        repo_id: 77726177
